// !$*UTF8*$!
{
	archiveVersion = 1;
	classes = {
	};
	objectVersion = 46;
	objects = {

/* Begin PBXBuildFile section */
		65F397DC06B2A19C1DA79024 /* Pods_sdt.framework in Frameworks */ = {isa = PBXBuildFile; fileRef = E7B3462BBEDE567427C3A216 /* Pods_sdt.framework */; };
		69A917D2F01421D25B756376 /* Pods_sdtTests.framework in Frameworks */ = {isa = PBXBuildFile; fileRef = 118E50770C10AE90E9B70F32 /* Pods_sdtTests.framework */; };
		72197D9E1E558F89009F5F4D /* AppDelegate.swift in Sources */ = {isa = PBXBuildFile; fileRef = 72197D9D1E558F89009F5F4D /* AppDelegate.swift */; };
		72197DA01E558F89009F5F4D /* ViewController.swift in Sources */ = {isa = PBXBuildFile; fileRef = 72197D9F1E558F89009F5F4D /* ViewController.swift */; };
		72197DA31E558F89009F5F4D /* Main.storyboard in Resources */ = {isa = PBXBuildFile; fileRef = 72197DA11E558F89009F5F4D /* Main.storyboard */; };
		72197DA51E558F89009F5F4D /* Assets.xcassets in Resources */ = {isa = PBXBuildFile; fileRef = 72197DA41E558F89009F5F4D /* Assets.xcassets */; };
		72197DA81E558F89009F5F4D /* LaunchScreen.storyboard in Resources */ = {isa = PBXBuildFile; fileRef = 72197DA61E558F89009F5F4D /* LaunchScreen.storyboard */; };
		72197DB31E558F89009F5F4D /* sdtTests.swift in Sources */ = {isa = PBXBuildFile; fileRef = 72197DB21E558F89009F5F4D /* sdtTests.swift */; };
		72197DBE1E558F89009F5F4D /* sdtUITests.swift in Sources */ = {isa = PBXBuildFile; fileRef = 72197DBD1E558F89009F5F4D /* sdtUITests.swift */; };
		72F119E81E5EC8DE003A351F /* garbageBag3.png in Resources */ = {isa = PBXBuildFile; fileRef = 72F119E71E5EC8DE003A351F /* garbageBag3.png */; };
		F7029C7D8029F4B9EA6558A9 /* Pods_sdtUITests.framework in Frameworks */ = {isa = PBXBuildFile; fileRef = 68A76638D00679EDE379C8B4 /* Pods_sdtUITests.framework */; };
/* End PBXBuildFile section */

/* Begin PBXContainerItemProxy section */
		72197DAF1E558F89009F5F4D /* PBXContainerItemProxy */ = {
			isa = PBXContainerItemProxy;
			containerPortal = 72197D921E558F89009F5F4D /* Project object */;
			proxyType = 1;
			remoteGlobalIDString = 72197D991E558F89009F5F4D;
			remoteInfo = sdt;
		};
		72197DBA1E558F89009F5F4D /* PBXContainerItemProxy */ = {
			isa = PBXContainerItemProxy;
			containerPortal = 72197D921E558F89009F5F4D /* Project object */;
			proxyType = 1;
			remoteGlobalIDString = 72197D991E558F89009F5F4D;
			remoteInfo = sdt;
		};
/* End PBXContainerItemProxy section */

/* Begin PBXFileReference section */
		0157E6EC3927ECCC50F15A0C /* Pods-sdtTests.release.xcconfig */ = {isa = PBXFileReference; includeInIndex = 1; lastKnownFileType = text.xcconfig; name = "Pods-sdtTests.release.xcconfig"; path = "Pods/Target Support Files/Pods-sdtTests/Pods-sdtTests.release.xcconfig"; sourceTree = "<group>"; };
		04073C9E239593AF1222DBCC /* Pods-sdtTests.debug.xcconfig */ = {isa = PBXFileReference; includeInIndex = 1; lastKnownFileType = text.xcconfig; name = "Pods-sdtTests.debug.xcconfig"; path = "Pods/Target Support Files/Pods-sdtTests/Pods-sdtTests.debug.xcconfig"; sourceTree = "<group>"; };
		118E50770C10AE90E9B70F32 /* Pods_sdtTests.framework */ = {isa = PBXFileReference; explicitFileType = wrapper.framework; includeInIndex = 0; path = Pods_sdtTests.framework; sourceTree = BUILT_PRODUCTS_DIR; };
		2679A7BF7C7BACBD11469F4D /* Pods-sdt.release.xcconfig */ = {isa = PBXFileReference; includeInIndex = 1; lastKnownFileType = text.xcconfig; name = "Pods-sdt.release.xcconfig"; path = "Pods/Target Support Files/Pods-sdt/Pods-sdt.release.xcconfig"; sourceTree = "<group>"; };
		2F933997760CFE7EDDF1BD6E /* Pods-sdtUITests.debug.xcconfig */ = {isa = PBXFileReference; includeInIndex = 1; lastKnownFileType = text.xcconfig; name = "Pods-sdtUITests.debug.xcconfig"; path = "Pods/Target Support Files/Pods-sdtUITests/Pods-sdtUITests.debug.xcconfig"; sourceTree = "<group>"; };
		44AFD8D9468D1576C968C6DA /* Pods-sdtUITests.release.xcconfig */ = {isa = PBXFileReference; includeInIndex = 1; lastKnownFileType = text.xcconfig; name = "Pods-sdtUITests.release.xcconfig"; path = "Pods/Target Support Files/Pods-sdtUITests/Pods-sdtUITests.release.xcconfig"; sourceTree = "<group>"; };
		5A62D51306A2293C77AF2444 /* Pods-sdt.debug.xcconfig */ = {isa = PBXFileReference; includeInIndex = 1; lastKnownFileType = text.xcconfig; name = "Pods-sdt.debug.xcconfig"; path = "Pods/Target Support Files/Pods-sdt/Pods-sdt.debug.xcconfig"; sourceTree = "<group>"; };
		68A76638D00679EDE379C8B4 /* Pods_sdtUITests.framework */ = {isa = PBXFileReference; explicitFileType = wrapper.framework; includeInIndex = 0; path = Pods_sdtUITests.framework; sourceTree = BUILT_PRODUCTS_DIR; };
		72197D9A1E558F89009F5F4D /* sdt.app */ = {isa = PBXFileReference; explicitFileType = wrapper.application; includeInIndex = 0; path = sdt.app; sourceTree = BUILT_PRODUCTS_DIR; };
		72197D9D1E558F89009F5F4D /* AppDelegate.swift */ = {isa = PBXFileReference; lastKnownFileType = sourcecode.swift; path = AppDelegate.swift; sourceTree = "<group>"; };
		72197D9F1E558F89009F5F4D /* ViewController.swift */ = {isa = PBXFileReference; lastKnownFileType = sourcecode.swift; path = ViewController.swift; sourceTree = "<group>"; };
		72197DA21E558F89009F5F4D /* Base */ = {isa = PBXFileReference; lastKnownFileType = file.storyboard; name = Base; path = Base.lproj/Main.storyboard; sourceTree = "<group>"; };
		72197DA41E558F89009F5F4D /* Assets.xcassets */ = {isa = PBXFileReference; lastKnownFileType = folder.assetcatalog; path = Assets.xcassets; sourceTree = "<group>"; };
		72197DA71E558F89009F5F4D /* Base */ = {isa = PBXFileReference; lastKnownFileType = file.storyboard; name = Base; path = Base.lproj/LaunchScreen.storyboard; sourceTree = "<group>"; };
		72197DA91E558F89009F5F4D /* Info.plist */ = {isa = PBXFileReference; lastKnownFileType = text.plist.xml; path = Info.plist; sourceTree = "<group>"; };
		72197DAE1E558F89009F5F4D /* sdtTests.xctest */ = {isa = PBXFileReference; explicitFileType = wrapper.cfbundle; includeInIndex = 0; path = sdtTests.xctest; sourceTree = BUILT_PRODUCTS_DIR; };
		72197DB21E558F89009F5F4D /* sdtTests.swift */ = {isa = PBXFileReference; lastKnownFileType = sourcecode.swift; path = sdtTests.swift; sourceTree = "<group>"; };
		72197DB41E558F89009F5F4D /* Info.plist */ = {isa = PBXFileReference; lastKnownFileType = text.plist.xml; path = Info.plist; sourceTree = "<group>"; };
		72197DB91E558F89009F5F4D /* sdtUITests.xctest */ = {isa = PBXFileReference; explicitFileType = wrapper.cfbundle; includeInIndex = 0; path = sdtUITests.xctest; sourceTree = BUILT_PRODUCTS_DIR; };
		72197DBD1E558F89009F5F4D /* sdtUITests.swift */ = {isa = PBXFileReference; lastKnownFileType = sourcecode.swift; path = sdtUITests.swift; sourceTree = "<group>"; };
		72197DBF1E558F89009F5F4D /* Info.plist */ = {isa = PBXFileReference; lastKnownFileType = text.plist.xml; path = Info.plist; sourceTree = "<group>"; };
		7256C6161E614B0300963341 /* development.entitlements */ = {isa = PBXFileReference; fileEncoding = 4; lastKnownFileType = text.plist.entitlements; path = development.entitlements; sourceTree = "<group>"; };
		7256C6191E6150BC00963341 /* production.entitlements */ = {isa = PBXFileReference; fileEncoding = 4; lastKnownFileType = text.plist.entitlements; path = production.entitlements; sourceTree = "<group>"; };
		72F119E71E5EC8DE003A351F /* garbageBag3.png */ = {isa = PBXFileReference; lastKnownFileType = image.png; name = garbageBag3.png; path = images/garbageBag3.png; sourceTree = "<group>"; };
		E7B3462BBEDE567427C3A216 /* Pods_sdt.framework */ = {isa = PBXFileReference; explicitFileType = wrapper.framework; includeInIndex = 0; path = Pods_sdt.framework; sourceTree = BUILT_PRODUCTS_DIR; };
/* End PBXFileReference section */

/* Begin PBXFrameworksBuildPhase section */
		72197D971E558F89009F5F4D /* Frameworks */ = {
			isa = PBXFrameworksBuildPhase;
			buildActionMask = 2147483647;
			files = (
				65F397DC06B2A19C1DA79024 /* Pods_sdt.framework in Frameworks */,
			);
			runOnlyForDeploymentPostprocessing = 0;
		};
		72197DAB1E558F89009F5F4D /* Frameworks */ = {
			isa = PBXFrameworksBuildPhase;
			buildActionMask = 2147483647;
			files = (
				69A917D2F01421D25B756376 /* Pods_sdtTests.framework in Frameworks */,
			);
			runOnlyForDeploymentPostprocessing = 0;
		};
		72197DB61E558F89009F5F4D /* Frameworks */ = {
			isa = PBXFrameworksBuildPhase;
			buildActionMask = 2147483647;
			files = (
				F7029C7D8029F4B9EA6558A9 /* Pods_sdtUITests.framework in Frameworks */,
			);
			runOnlyForDeploymentPostprocessing = 0;
		};
/* End PBXFrameworksBuildPhase section */

/* Begin PBXGroup section */
		5DB302C2B405C580BB14E5B2 /* Pods */ = {
			isa = PBXGroup;
			children = (
				5A62D51306A2293C77AF2444 /* Pods-sdt.debug.xcconfig */,
				2679A7BF7C7BACBD11469F4D /* Pods-sdt.release.xcconfig */,
				04073C9E239593AF1222DBCC /* Pods-sdtTests.debug.xcconfig */,
				0157E6EC3927ECCC50F15A0C /* Pods-sdtTests.release.xcconfig */,
				2F933997760CFE7EDDF1BD6E /* Pods-sdtUITests.debug.xcconfig */,
				44AFD8D9468D1576C968C6DA /* Pods-sdtUITests.release.xcconfig */,
			);
			name = Pods;
			sourceTree = "<group>";
		};
		72197D911E558F89009F5F4D = {
			isa = PBXGroup;
			children = (
				72197D9C1E558F89009F5F4D /* sdt */,
				72197DB11E558F89009F5F4D /* sdtTests */,
				72197DBC1E558F89009F5F4D /* sdtUITests */,
				72197D9B1E558F89009F5F4D /* Products */,
				5DB302C2B405C580BB14E5B2 /* Pods */,
				AB06BF92FC43E51364C3049B /* Frameworks */,
			);
			sourceTree = "<group>";
		};
		72197D9B1E558F89009F5F4D /* Products */ = {
			isa = PBXGroup;
			children = (
				72197D9A1E558F89009F5F4D /* sdt.app */,
				72197DAE1E558F89009F5F4D /* sdtTests.xctest */,
				72197DB91E558F89009F5F4D /* sdtUITests.xctest */,
			);
			name = Products;
			sourceTree = "<group>";
		};
		72197D9C1E558F89009F5F4D /* sdt */ = {
			isa = PBXGroup;
			children = (
				7256C6191E6150BC00963341 /* production.entitlements */,
				7256C6161E614B0300963341 /* development.entitlements */,
				72197D9D1E558F89009F5F4D /* AppDelegate.swift */,
				72197D9F1E558F89009F5F4D /* ViewController.swift */,
				72197DA11E558F89009F5F4D /* Main.storyboard */,
				72197DA41E558F89009F5F4D /* Assets.xcassets */,
				72197DA61E558F89009F5F4D /* LaunchScreen.storyboard */,
				72197DA91E558F89009F5F4D /* Info.plist */,
				72F119E61E5EC8CD003A351F /* images */,
			);
			path = sdt;
			sourceTree = "<group>";
		};
		72197DB11E558F89009F5F4D /* sdtTests */ = {
			isa = PBXGroup;
			children = (
				72197DB21E558F89009F5F4D /* sdtTests.swift */,
				72197DB41E558F89009F5F4D /* Info.plist */,
			);
			path = sdtTests;
			sourceTree = "<group>";
		};
		72197DBC1E558F89009F5F4D /* sdtUITests */ = {
			isa = PBXGroup;
			children = (
				72197DBD1E558F89009F5F4D /* sdtUITests.swift */,
				72197DBF1E558F89009F5F4D /* Info.plist */,
			);
			path = sdtUITests;
			sourceTree = "<group>";
		};
		72F119E61E5EC8CD003A351F /* images */ = {
			isa = PBXGroup;
			children = (
				72F119E71E5EC8DE003A351F /* garbageBag3.png */,
			);
			name = images;
			sourceTree = "<group>";
		};
		AB06BF92FC43E51364C3049B /* Frameworks */ = {
			isa = PBXGroup;
			children = (
				E7B3462BBEDE567427C3A216 /* Pods_sdt.framework */,
				118E50770C10AE90E9B70F32 /* Pods_sdtTests.framework */,
				68A76638D00679EDE379C8B4 /* Pods_sdtUITests.framework */,
			);
			name = Frameworks;
			sourceTree = "<group>";
		};
/* End PBXGroup section */

/* Begin PBXNativeTarget section */
		72197D991E558F89009F5F4D /* sdt */ = {
			isa = PBXNativeTarget;
			buildConfigurationList = 72197DC21E558F89009F5F4D /* Build configuration list for PBXNativeTarget "sdt" */;
			buildPhases = (
				FAB991FA214B2A1285945275 /* [CP] Check Pods Manifest.lock */,
				72197D961E558F89009F5F4D /* Sources */,
				72197D971E558F89009F5F4D /* Frameworks */,
				72197D981E558F89009F5F4D /* Resources */,
				F2F7DEE412A78145DB9B9231 /* [CP] Embed Pods Frameworks */,
				9F821C310ABDF872FAA7F87E /* [CP] Copy Pods Resources */,
			);
			buildRules = (
			);
			dependencies = (
			);
			name = sdt;
			productName = sdt;
			productReference = 72197D9A1E558F89009F5F4D /* sdt.app */;
			productType = "com.apple.product-type.application";
		};
		72197DAD1E558F89009F5F4D /* sdtTests */ = {
			isa = PBXNativeTarget;
			buildConfigurationList = 72197DC51E558F89009F5F4D /* Build configuration list for PBXNativeTarget "sdtTests" */;
			buildPhases = (
				DEE7349957383DC7C20AE4F4 /* [CP] Check Pods Manifest.lock */,
				72197DAA1E558F89009F5F4D /* Sources */,
				72197DAB1E558F89009F5F4D /* Frameworks */,
				72197DAC1E558F89009F5F4D /* Resources */,
				94C19CB1EF6B452EB7B3B72B /* [CP] Embed Pods Frameworks */,
				C45EDFACFAE33B5B477EC8A8 /* [CP] Copy Pods Resources */,
			);
			buildRules = (
			);
			dependencies = (
				72197DB01E558F89009F5F4D /* PBXTargetDependency */,
			);
			name = sdtTests;
			productName = sdtTests;
			productReference = 72197DAE1E558F89009F5F4D /* sdtTests.xctest */;
			productType = "com.apple.product-type.bundle.unit-test";
		};
		72197DB81E558F89009F5F4D /* sdtUITests */ = {
			isa = PBXNativeTarget;
			buildConfigurationList = 72197DC81E558F89009F5F4D /* Build configuration list for PBXNativeTarget "sdtUITests" */;
			buildPhases = (
				0FE19195AEFA415E1DA32DAE /* [CP] Check Pods Manifest.lock */,
				72197DB51E558F89009F5F4D /* Sources */,
				72197DB61E558F89009F5F4D /* Frameworks */,
				72197DB71E558F89009F5F4D /* Resources */,
				629CB64ED079AD905F42575D /* [CP] Embed Pods Frameworks */,
				8C19BBCBEFAA23DD76F20E8C /* [CP] Copy Pods Resources */,
			);
			buildRules = (
			);
			dependencies = (
				72197DBB1E558F89009F5F4D /* PBXTargetDependency */,
			);
			name = sdtUITests;
			productName = sdtUITests;
			productReference = 72197DB91E558F89009F5F4D /* sdtUITests.xctest */;
			productType = "com.apple.product-type.bundle.ui-testing";
		};
/* End PBXNativeTarget section */

/* Begin PBXProject section */
		72197D921E558F89009F5F4D /* Project object */ = {
			isa = PBXProject;
			attributes = {
				LastSwiftUpdateCheck = 0820;
				LastUpgradeCheck = 0820;
				ORGANIZATIONNAME = wknar;
				TargetAttributes = {
					72197D991E558F89009F5F4D = {
						CreatedOnToolsVersion = 8.2.1;
						DevelopmentTeam = 79BW4NWXHJ;
						ProvisioningStyle = Automatic;
						SystemCapabilities = {
							com.apple.Push = {
								enabled = 1;
							};
						};
					};
					72197DAD1E558F89009F5F4D = {
						CreatedOnToolsVersion = 8.2.1;
						DevelopmentTeam = 79BW4NWXHJ;
						ProvisioningStyle = Automatic;
						TestTargetID = 72197D991E558F89009F5F4D;
					};
					72197DB81E558F89009F5F4D = {
						CreatedOnToolsVersion = 8.2.1;
						DevelopmentTeam = 79BW4NWXHJ;
						ProvisioningStyle = Automatic;
						TestTargetID = 72197D991E558F89009F5F4D;
					};
				};
			};
			buildConfigurationList = 72197D951E558F89009F5F4D /* Build configuration list for PBXProject "sdt" */;
			compatibilityVersion = "Xcode 3.2";
			developmentRegion = English;
			hasScannedForEncodings = 0;
			knownRegions = (
				en,
				Base,
			);
			mainGroup = 72197D911E558F89009F5F4D;
			productRefGroup = 72197D9B1E558F89009F5F4D /* Products */;
			projectDirPath = "";
			projectRoot = "";
			targets = (
				72197D991E558F89009F5F4D /* sdt */,
				72197DAD1E558F89009F5F4D /* sdtTests */,
				72197DB81E558F89009F5F4D /* sdtUITests */,
			);
		};
/* End PBXProject section */

/* Begin PBXResourcesBuildPhase section */
		72197D981E558F89009F5F4D /* Resources */ = {
			isa = PBXResourcesBuildPhase;
			buildActionMask = 2147483647;
			files = (
				72F119E81E5EC8DE003A351F /* garbageBag3.png in Resources */,
				72197DA81E558F89009F5F4D /* LaunchScreen.storyboard in Resources */,
				72197DA51E558F89009F5F4D /* Assets.xcassets in Resources */,
				72197DA31E558F89009F5F4D /* Main.storyboard in Resources */,
			);
			runOnlyForDeploymentPostprocessing = 0;
		};
		72197DAC1E558F89009F5F4D /* Resources */ = {
			isa = PBXResourcesBuildPhase;
			buildActionMask = 2147483647;
			files = (
			);
			runOnlyForDeploymentPostprocessing = 0;
		};
		72197DB71E558F89009F5F4D /* Resources */ = {
			isa = PBXResourcesBuildPhase;
			buildActionMask = 2147483647;
			files = (
			);
			runOnlyForDeploymentPostprocessing = 0;
		};
/* End PBXResourcesBuildPhase section */

/* Begin PBXShellScriptBuildPhase section */
		0FE19195AEFA415E1DA32DAE /* [CP] Check Pods Manifest.lock */ = {
			isa = PBXShellScriptBuildPhase;
			buildActionMask = 2147483647;
			files = (
			);
			inputPaths = (
			);
			name = "[CP] Check Pods Manifest.lock";
			outputPaths = (
			);
			runOnlyForDeploymentPostprocessing = 0;
			shellPath = /bin/sh;
			shellScript = "diff \"${PODS_ROOT}/../Podfile.lock\" \"${PODS_ROOT}/Manifest.lock\" > /dev/null\nif [ $? != 0 ] ; then\n    # print error to STDERR\n    echo \"error: The sandbox is not in sync with the Podfile.lock. Run 'pod install' or update your CocoaPods installation.\" >&2\n    exit 1\nfi\n";
			showEnvVarsInLog = 0;
		};
		629CB64ED079AD905F42575D /* [CP] Embed Pods Frameworks */ = {
			isa = PBXShellScriptBuildPhase;
			buildActionMask = 2147483647;
			files = (
			);
			inputPaths = (
			);
			name = "[CP] Embed Pods Frameworks";
			outputPaths = (
			);
			runOnlyForDeploymentPostprocessing = 0;
			shellPath = /bin/sh;
			shellScript = "\"${SRCROOT}/Pods/Target Support Files/Pods-sdtUITests/Pods-sdtUITests-frameworks.sh\"\n";
			showEnvVarsInLog = 0;
		};
		8C19BBCBEFAA23DD76F20E8C /* [CP] Copy Pods Resources */ = {
			isa = PBXShellScriptBuildPhase;
			buildActionMask = 2147483647;
			files = (
			);
			inputPaths = (
			);
			name = "[CP] Copy Pods Resources";
			outputPaths = (
			);
			runOnlyForDeploymentPostprocessing = 0;
			shellPath = /bin/sh;
			shellScript = "\"${SRCROOT}/Pods/Target Support Files/Pods-sdtUITests/Pods-sdtUITests-resources.sh\"\n";
			showEnvVarsInLog = 0;
		};
		94C19CB1EF6B452EB7B3B72B /* [CP] Embed Pods Frameworks */ = {
			isa = PBXShellScriptBuildPhase;
			buildActionMask = 2147483647;
			files = (
			);
			inputPaths = (
			);
			name = "[CP] Embed Pods Frameworks";
			outputPaths = (
			);
			runOnlyForDeploymentPostprocessing = 0;
			shellPath = /bin/sh;
			shellScript = "\"${SRCROOT}/Pods/Target Support Files/Pods-sdtTests/Pods-sdtTests-frameworks.sh\"\n";
			showEnvVarsInLog = 0;
		};
		9F821C310ABDF872FAA7F87E /* [CP] Copy Pods Resources */ = {
			isa = PBXShellScriptBuildPhase;
			buildActionMask = 2147483647;
			files = (
			);
			inputPaths = (
			);
			name = "[CP] Copy Pods Resources";
			outputPaths = (
			);
			runOnlyForDeploymentPostprocessing = 0;
			shellPath = /bin/sh;
			shellScript = "\"${SRCROOT}/Pods/Target Support Files/Pods-sdt/Pods-sdt-resources.sh\"\n";
			showEnvVarsInLog = 0;
		};
		C45EDFACFAE33B5B477EC8A8 /* [CP] Copy Pods Resources */ = {
			isa = PBXShellScriptBuildPhase;
			buildActionMask = 2147483647;
			files = (
			);
			inputPaths = (
			);
			name = "[CP] Copy Pods Resources";
			outputPaths = (
			);
			runOnlyForDeploymentPostprocessing = 0;
			shellPath = /bin/sh;
			shellScript = "\"${SRCROOT}/Pods/Target Support Files/Pods-sdtTests/Pods-sdtTests-resources.sh\"\n";
			showEnvVarsInLog = 0;
		};
		DEE7349957383DC7C20AE4F4 /* [CP] Check Pods Manifest.lock */ = {
			isa = PBXShellScriptBuildPhase;
			buildActionMask = 2147483647;
			files = (
			);
			inputPaths = (
			);
			name = "[CP] Check Pods Manifest.lock";
			outputPaths = (
			);
			runOnlyForDeploymentPostprocessing = 0;
			shellPath = /bin/sh;
			shellScript = "diff \"${PODS_ROOT}/../Podfile.lock\" \"${PODS_ROOT}/Manifest.lock\" > /dev/null\nif [ $? != 0 ] ; then\n    # print error to STDERR\n    echo \"error: The sandbox is not in sync with the Podfile.lock. Run 'pod install' or update your CocoaPods installation.\" >&2\n    exit 1\nfi\n";
			showEnvVarsInLog = 0;
		};
		F2F7DEE412A78145DB9B9231 /* [CP] Embed Pods Frameworks */ = {
			isa = PBXShellScriptBuildPhase;
			buildActionMask = 2147483647;
			files = (
			);
			inputPaths = (
			);
			name = "[CP] Embed Pods Frameworks";
			outputPaths = (
			);
			runOnlyForDeploymentPostprocessing = 0;
			shellPath = /bin/sh;
			shellScript = "\"${SRCROOT}/Pods/Target Support Files/Pods-sdt/Pods-sdt-frameworks.sh\"\n";
			showEnvVarsInLog = 0;
		};
		FAB991FA214B2A1285945275 /* [CP] Check Pods Manifest.lock */ = {
			isa = PBXShellScriptBuildPhase;
			buildActionMask = 2147483647;
			files = (
			);
			inputPaths = (
			);
			name = "[CP] Check Pods Manifest.lock";
			outputPaths = (
			);
			runOnlyForDeploymentPostprocessing = 0;
			shellPath = /bin/sh;
			shellScript = "diff \"${PODS_ROOT}/../Podfile.lock\" \"${PODS_ROOT}/Manifest.lock\" > /dev/null\nif [ $? != 0 ] ; then\n    # print error to STDERR\n    echo \"error: The sandbox is not in sync with the Podfile.lock. Run 'pod install' or update your CocoaPods installation.\" >&2\n    exit 1\nfi\n";
			showEnvVarsInLog = 0;
		};
/* End PBXShellScriptBuildPhase section */

/* Begin PBXSourcesBuildPhase section */
		72197D961E558F89009F5F4D /* Sources */ = {
			isa = PBXSourcesBuildPhase;
			buildActionMask = 2147483647;
			files = (
				72197DA01E558F89009F5F4D /* ViewController.swift in Sources */,
				72197D9E1E558F89009F5F4D /* AppDelegate.swift in Sources */,
			);
			runOnlyForDeploymentPostprocessing = 0;
		};
		72197DAA1E558F89009F5F4D /* Sources */ = {
			isa = PBXSourcesBuildPhase;
			buildActionMask = 2147483647;
			files = (
				72197DB31E558F89009F5F4D /* sdtTests.swift in Sources */,
			);
			runOnlyForDeploymentPostprocessing = 0;
		};
		72197DB51E558F89009F5F4D /* Sources */ = {
			isa = PBXSourcesBuildPhase;
			buildActionMask = 2147483647;
			files = (
				72197DBE1E558F89009F5F4D /* sdtUITests.swift in Sources */,
			);
			runOnlyForDeploymentPostprocessing = 0;
		};
/* End PBXSourcesBuildPhase section */

/* Begin PBXTargetDependency section */
		72197DB01E558F89009F5F4D /* PBXTargetDependency */ = {
			isa = PBXTargetDependency;
			target = 72197D991E558F89009F5F4D /* sdt */;
			targetProxy = 72197DAF1E558F89009F5F4D /* PBXContainerItemProxy */;
		};
		72197DBB1E558F89009F5F4D /* PBXTargetDependency */ = {
			isa = PBXTargetDependency;
			target = 72197D991E558F89009F5F4D /* sdt */;
			targetProxy = 72197DBA1E558F89009F5F4D /* PBXContainerItemProxy */;
		};
/* End PBXTargetDependency section */

/* Begin PBXVariantGroup section */
		72197DA11E558F89009F5F4D /* Main.storyboard */ = {
			isa = PBXVariantGroup;
			children = (
				72197DA21E558F89009F5F4D /* Base */,
			);
			name = Main.storyboard;
			sourceTree = "<group>";
		};
		72197DA61E558F89009F5F4D /* LaunchScreen.storyboard */ = {
			isa = PBXVariantGroup;
			children = (
				72197DA71E558F89009F5F4D /* Base */,
			);
			name = LaunchScreen.storyboard;
			sourceTree = "<group>";
		};
/* End PBXVariantGroup section */

/* Begin XCBuildConfiguration section */
		72197DC01E558F89009F5F4D /* Debug */ = {
			isa = XCBuildConfiguration;
			buildSettings = {
				ALWAYS_SEARCH_USER_PATHS = NO;
				CLANG_ANALYZER_NONNULL = YES;
				CLANG_CXX_LANGUAGE_STANDARD = "gnu++0x";
				CLANG_CXX_LIBRARY = "libc++";
				CLANG_ENABLE_MODULES = YES;
				CLANG_ENABLE_OBJC_ARC = YES;
				CLANG_WARN_BOOL_CONVERSION = YES;
				CLANG_WARN_CONSTANT_CONVERSION = YES;
				CLANG_WARN_DIRECT_OBJC_ISA_USAGE = YES_ERROR;
				CLANG_WARN_DOCUMENTATION_COMMENTS = YES;
				CLANG_WARN_EMPTY_BODY = YES;
				CLANG_WARN_ENUM_CONVERSION = YES;
				CLANG_WARN_INFINITE_RECURSION = YES;
				CLANG_WARN_INT_CONVERSION = YES;
				CLANG_WARN_OBJC_ROOT_CLASS = YES_ERROR;
				CLANG_WARN_SUSPICIOUS_MOVE = YES;
				CLANG_WARN_UNREACHABLE_CODE = YES;
				CLANG_WARN__DUPLICATE_METHOD_MATCH = YES;
				"CODE_SIGN_IDENTITY[sdk=iphoneos*]" = "iPhone Developer";
				COPY_PHASE_STRIP = NO;
				DEBUG_INFORMATION_FORMAT = dwarf;
				ENABLE_STRICT_OBJC_MSGSEND = YES;
				ENABLE_TESTABILITY = YES;
				GCC_C_LANGUAGE_STANDARD = gnu99;
				GCC_DYNAMIC_NO_PIC = NO;
				GCC_NO_COMMON_BLOCKS = YES;
				GCC_OPTIMIZATION_LEVEL = 0;
				GCC_PREPROCESSOR_DEFINITIONS = (
					"DEBUG=1",
					"$(inherited)",
				);
				GCC_WARN_64_TO_32_BIT_CONVERSION = YES;
				GCC_WARN_ABOUT_RETURN_TYPE = YES_ERROR;
				GCC_WARN_UNDECLARED_SELECTOR = YES;
				GCC_WARN_UNINITIALIZED_AUTOS = YES_AGGRESSIVE;
				GCC_WARN_UNUSED_FUNCTION = YES;
				GCC_WARN_UNUSED_VARIABLE = YES;
				IPHONEOS_DEPLOYMENT_TARGET = 10.2;
				MTL_ENABLE_DEBUG_INFO = YES;
				ONLY_ACTIVE_ARCH = YES;
				SDKROOT = iphoneos;
				SWIFT_ACTIVE_COMPILATION_CONDITIONS = DEBUG;
				SWIFT_OPTIMIZATION_LEVEL = "-Onone";
				TARGETED_DEVICE_FAMILY = "1,2";
			};
			name = Debug;
		};
		72197DC11E558F89009F5F4D /* Release */ = {
			isa = XCBuildConfiguration;
			buildSettings = {
				ALWAYS_SEARCH_USER_PATHS = NO;
				CLANG_ANALYZER_NONNULL = YES;
				CLANG_CXX_LANGUAGE_STANDARD = "gnu++0x";
				CLANG_CXX_LIBRARY = "libc++";
				CLANG_ENABLE_MODULES = YES;
				CLANG_ENABLE_OBJC_ARC = YES;
				CLANG_WARN_BOOL_CONVERSION = YES;
				CLANG_WARN_CONSTANT_CONVERSION = YES;
				CLANG_WARN_DIRECT_OBJC_ISA_USAGE = YES_ERROR;
				CLANG_WARN_DOCUMENTATION_COMMENTS = YES;
				CLANG_WARN_EMPTY_BODY = YES;
				CLANG_WARN_ENUM_CONVERSION = YES;
				CLANG_WARN_INFINITE_RECURSION = YES;
				CLANG_WARN_INT_CONVERSION = YES;
				CLANG_WARN_OBJC_ROOT_CLASS = YES_ERROR;
				CLANG_WARN_SUSPICIOUS_MOVE = YES;
				CLANG_WARN_UNREACHABLE_CODE = YES;
				CLANG_WARN__DUPLICATE_METHOD_MATCH = YES;
				"CODE_SIGN_IDENTITY[sdk=iphoneos*]" = "iPhone Developer";
				COPY_PHASE_STRIP = NO;
				DEBUG_INFORMATION_FORMAT = "dwarf-with-dsym";
				ENABLE_NS_ASSERTIONS = NO;
				ENABLE_STRICT_OBJC_MSGSEND = YES;
				GCC_C_LANGUAGE_STANDARD = gnu99;
				GCC_NO_COMMON_BLOCKS = YES;
				GCC_WARN_64_TO_32_BIT_CONVERSION = YES;
				GCC_WARN_ABOUT_RETURN_TYPE = YES_ERROR;
				GCC_WARN_UNDECLARED_SELECTOR = YES;
				GCC_WARN_UNINITIALIZED_AUTOS = YES_AGGRESSIVE;
				GCC_WARN_UNUSED_FUNCTION = YES;
				GCC_WARN_UNUSED_VARIABLE = YES;
				IPHONEOS_DEPLOYMENT_TARGET = 10.2;
				MTL_ENABLE_DEBUG_INFO = NO;
				SDKROOT = iphoneos;
				SWIFT_OPTIMIZATION_LEVEL = "-Owholemodule";
				TARGETED_DEVICE_FAMILY = "1,2";
				VALIDATE_PRODUCT = YES;
			};
			name = Release;
		};
		72197DC31E558F89009F5F4D /* Debug */ = {
			isa = XCBuildConfiguration;
			baseConfigurationReference = 5A62D51306A2293C77AF2444 /* Pods-sdt.debug.xcconfig */;
			buildSettings = {
				ASSETCATALOG_COMPILER_APPICON_NAME = AppIcon;
				CODE_SIGN_ENTITLEMENTS = sdt/development.entitlements;
				DEVELOPMENT_TEAM = 79BW4NWXHJ;
				INFOPLIST_FILE = sdt/Info.plist;
				LD_RUNPATH_SEARCH_PATHS = "$(inherited) @executable_path/Frameworks";
				PRODUCT_BUNDLE_IDENTIFIER = com.wknar.sdt;
				PRODUCT_NAME = "$(TARGET_NAME)";
				SWIFT_VERSION = 3.0;
			};
			name = Debug;
		};
		72197DC41E558F89009F5F4D /* Release */ = {
			isa = XCBuildConfiguration;
			baseConfigurationReference = 2679A7BF7C7BACBD11469F4D /* Pods-sdt.release.xcconfig */;
			buildSettings = {
				ASSETCATALOG_COMPILER_APPICON_NAME = AppIcon;
				CODE_SIGN_ENTITLEMENTS = sdt/production.entitlements;
				DEVELOPMENT_TEAM = 79BW4NWXHJ;
				INFOPLIST_FILE = sdt/Info.plist;
				LD_RUNPATH_SEARCH_PATHS = "$(inherited) @executable_path/Frameworks";
				PRODUCT_BUNDLE_IDENTIFIER = com.wknar.sdt;
				PRODUCT_NAME = "$(TARGET_NAME)";
				SWIFT_VERSION = 3.0;
			};
			name = Release;
		};
		72197DC61E558F89009F5F4D /* Debug */ = {
			isa = XCBuildConfiguration;
			baseConfigurationReference = 04073C9E239593AF1222DBCC /* Pods-sdtTests.debug.xcconfig */;
			buildSettings = {
				ALWAYS_EMBED_SWIFT_STANDARD_LIBRARIES = YES;
				BUNDLE_LOADER = "$(TEST_HOST)";
				DEVELOPMENT_TEAM = 79BW4NWXHJ;
				INFOPLIST_FILE = sdtTests/Info.plist;
				LD_RUNPATH_SEARCH_PATHS = "$(inherited) @executable_path/Frameworks @loader_path/Frameworks";
				PRODUCT_BUNDLE_IDENTIFIER = com.wknar.sdtTests;
				PRODUCT_NAME = "$(TARGET_NAME)";
				SWIFT_VERSION = 3.0;
				TEST_HOST = "$(BUILT_PRODUCTS_DIR)/sdt.app/sdt";
			};
			name = Debug;
		};
		72197DC71E558F89009F5F4D /* Release */ = {
			isa = XCBuildConfiguration;
			baseConfigurationReference = 0157E6EC3927ECCC50F15A0C /* Pods-sdtTests.release.xcconfig */;
			buildSettings = {
				ALWAYS_EMBED_SWIFT_STANDARD_LIBRARIES = YES;
				BUNDLE_LOADER = "$(TEST_HOST)";
				DEVELOPMENT_TEAM = 79BW4NWXHJ;
				INFOPLIST_FILE = sdtTests/Info.plist;
				LD_RUNPATH_SEARCH_PATHS = "$(inherited) @executable_path/Frameworks @loader_path/Frameworks";
				PRODUCT_BUNDLE_IDENTIFIER = com.wknar.sdtTests;
				PRODUCT_NAME = "$(TARGET_NAME)";
				SWIFT_VERSION = 3.0;
				TEST_HOST = "$(BUILT_PRODUCTS_DIR)/sdt.app/sdt";
			};
			name = Release;
		};
		72197DC91E558F89009F5F4D /* Debug */ = {
			isa = XCBuildConfiguration;
			baseConfigurationReference = 2F933997760CFE7EDDF1BD6E /* Pods-sdtUITests.debug.xcconfig */;
			buildSettings = {
				ALWAYS_EMBED_SWIFT_STANDARD_LIBRARIES = YES;
				DEVELOPMENT_TEAM = 79BW4NWXHJ;
				INFOPLIST_FILE = sdtUITests/Info.plist;
				LD_RUNPATH_SEARCH_PATHS = "$(inherited) @executable_path/Frameworks @loader_path/Frameworks";
				PRODUCT_BUNDLE_IDENTIFIER = com.wknar.sdtUITests;
				PRODUCT_NAME = "$(TARGET_NAME)";
				SWIFT_VERSION = 3.0;
				TEST_TARGET_NAME = sdt;
			};
			name = Debug;
		};
		72197DCA1E558F89009F5F4D /* Release */ = {
			isa = XCBuildConfiguration;
			baseConfigurationReference = 44AFD8D9468D1576C968C6DA /* Pods-sdtUITests.release.xcconfig */;
			buildSettings = {
				ALWAYS_EMBED_SWIFT_STANDARD_LIBRARIES = YES;
				DEVELOPMENT_TEAM = 79BW4NWXHJ;
				INFOPLIST_FILE = sdtUITests/Info.plist;
				LD_RUNPATH_SEARCH_PATHS = "$(inherited) @executable_path/Frameworks @loader_path/Frameworks";
				PRODUCT_BUNDLE_IDENTIFIER = com.wknar.sdtUITests;
				PRODUCT_NAME = "$(TARGET_NAME)";
				SWIFT_VERSION = 3.0;
				TEST_TARGET_NAME = sdt;
			};
			name = Release;
		};
/* End XCBuildConfiguration section */

/* Begin XCConfigurationList section */
		72197D951E558F89009F5F4D /* Build configuration list for PBXProject "sdt" */ = {
			isa = XCConfigurationList;
			buildConfigurations = (
				72197DC01E558F89009F5F4D /* Debug */,
				72197DC11E558F89009F5F4D /* Release */,
			);
			defaultConfigurationIsVisible = 0;
			defaultConfigurationName = Release;
		};
		72197DC21E558F89009F5F4D /* Build configuration list for PBXNativeTarget "sdt" */ = {
			isa = XCConfigurationList;
			buildConfigurations = (
				72197DC31E558F89009F5F4D /* Debug */,
				72197DC41E558F89009F5F4D /* Release */,
			);
			defaultConfigurationIsVisible = 0;
			defaultConfigurationName = Release;
		};
		72197DC51E558F89009F5F4D /* Build configuration list for PBXNativeTarget "sdtTests" */ = {
			isa = XCConfigurationList;
			buildConfigurations = (
				72197DC61E558F89009F5F4D /* Debug */,
				72197DC71E558F89009F5F4D /* Release */,
			);
			defaultConfigurationIsVisible = 0;
			defaultConfigurationName = Release;
		};
		72197DC81E558F89009F5F4D /* Build configuration list for PBXNativeTarget "sdtUITests" */ = {
			isa = XCConfigurationList;
			buildConfigurations = (
				72197DC91E558F89009F5F4D /* Debug */,
				72197DCA1E558F89009F5F4D /* Release */,
			);
			defaultConfigurationIsVisible = 0;
			defaultConfigurationName = Release;
		};
/* End XCConfigurationList section */
	};
	rootObject = 72197D921E558F89009F5F4D /* Project object */;
}
